
Microsoft Visual Studio Solution File, Format Version 12.00
# Visual Studio 15
VisualStudioVersion = 15.0.27130.2003
MinimumVisualStudioVersion = 10.0.40219.1
Project("{FAE04EC0-301F-11D3-BF4B-00C04F79EFBC}") = "APIGateway", "APIGateway\APIGateway.csproj", "{53A06D92-2623-4BBB-A40A-6CF6870F82DC}"
EndProject
Project("{FAE04EC0-301F-11D3-BF4B-00C04F79EFBC}") = "CustomerAPIServices", "CustomerAPIServices\CustomerAPIServices.csproj", "{86A524D7-2DA5-4109-8513-EE98931C0459}"
EndProject
Project("{FAE04EC0-301F-11D3-BF4B-00C04F79EFBC}") = "ProductsAPIService", "ProductsAPIService\ProductsAPIService.csproj", "{9725D94C-4106-4E91-B507-2EE433964FFA}"
EndProject
Global
	GlobalSection(SolutionConfigurationPlatforms) = preSolution
		Debug|Any CPU = Debug|Any CPU
		Release|Any CPU = Release|Any CPU
	EndGlobalSection
	GlobalSection(ProjectConfigurationPlatforms) = postSolution
		{53A06D92-2623-4BBB-A40A-6CF6870F82DC}.Debug|Any CPU.ActiveCfg = Debug|Any CPU
		{53A06D92-2623-4BBB-A40A-6CF6870F82DC}.Debug|Any CPU.Build.0 = Debug|Any CPU
		{53A06D92-2623-4BBB-A40A-6CF6870F82DC}.Release|Any CPU.ActiveCfg = Release|Any CPU
		{53A06D92-2623-4BBB-A40A-6CF6870F82DC}.Release|Any CPU.Build.0 = Release|Any CPU
		{86A524D7-2DA5-4109-8513-EE98931C0459}.Debug|Any CPU.ActiveCfg = Debug|Any CPU
		{86A524D7-2DA5-4109-8513-EE98931C0459}.Debug|Any CPU.Build.0 = Debug|Any CPU
		{86A524D7-2DA5-4109-8513-EE98931C0459}.Release|Any CPU.ActiveCfg = Release|Any CPU
		{86A524D7-2DA5-4109-8513-EE98931C0459}.Release|Any CPU.Build.0 = Release|Any CPU
		{9725D94C-4106-4E91-B507-2EE433964FFA}.Debug|Any CPU.ActiveCfg = Debug|Any CPU
		{9725D94C-4106-4E91-B507-2EE433964FFA}.Debug|Any CPU.Build.0 = Debug|Any CPU
		{9725D94C-4106-4E91-B507-2EE433964FFA}.Release|Any CPU.ActiveCfg = Release|Any CPU
		{9725D94C-4106-4E91-B507-2EE433964FFA}.Release|Any CPU.Build.0 = Release|Any CPU
	EndGlobalSection
	GlobalSection(SolutionProperties) = preSolution
		HideSolutionNode = FALSE
	EndGlobalSection
	GlobalSection(ExtensibilityGlobals) = postSolution
		SolutionGuid = {E20F23F5-8FC6-4020-B5C1-9E2BB539659C}
	EndGlobalSection
EndGlobal
